// !$*UTF8*$!
{
	archiveVersion = 1;
	classes = {
	};
	objectVersion = 46;
	objects = {

/* Begin PBXBuildFile section */
		89FBF0C31B38580800D45A51 /* AppDelegate.swift in Sources */ = {isa = PBXBuildFile; fileRef = 89FBF0C21B38580800D45A51 /* AppDelegate.swift */; };
		89FBF0C51B38580800D45A51 /* ViewController.swift in Sources */ = {isa = PBXBuildFile; fileRef = 89FBF0C41B38580800D45A51 /* ViewController.swift */; };
		89FBF0C81B38580800D45A51 /* Main.storyboard in Resources */ = {isa = PBXBuildFile; fileRef = 89FBF0C61B38580800D45A51 /* Main.storyboard */; };
		89FBF0CA1B38580800D45A51 /* Images.xcassets in Resources */ = {isa = PBXBuildFile; fileRef = 89FBF0C91B38580800D45A51 /* Images.xcassets */; };
		89FBF0CD1B38580800D45A51 /* LaunchScreen.xib in Resources */ = {isa = PBXBuildFile; fileRef = 89FBF0CB1B38580800D45A51 /* LaunchScreen.xib */; };
		89FBF0D91B38580800D45A51 /* SeasonizerTests.swift in Sources */ = {isa = PBXBuildFile; fileRef = 89FBF0D81B38580800D45A51 /* SeasonizerTests.swift */; };
		89FBF0E31B38583E00D45A51 /* CanvasViewController.swift in Sources */ = {isa = PBXBuildFile; fileRef = 89FBF0E21B38583E00D45A51 /* CanvasViewController.swift */; };
/* End PBXBuildFile section */

/* Begin PBXContainerItemProxy section */
		89FBF0D31B38580800D45A51 /* PBXContainerItemProxy */ = {
			isa = PBXContainerItemProxy;
			containerPortal = 89FBF0B51B38580800D45A51 /* Project object */;
			proxyType = 1;
			remoteGlobalIDString = 89FBF0BC1B38580800D45A51;
			remoteInfo = Seasonizer;
		};
/* End PBXContainerItemProxy section */

/* Begin PBXFileReference section */
		89FBF0BD1B38580800D45A51 /* Seasonizer.app */ = {isa = PBXFileReference; explicitFileType = wrapper.application; includeInIndex = 0; path = Seasonizer.app; sourceTree = BUILT_PRODUCTS_DIR; };
		89FBF0C11B38580800D45A51 /* Info.plist */ = {isa = PBXFileReference; lastKnownFileType = text.plist.xml; path = Info.plist; sourceTree = "<group>"; };
		89FBF0C21B38580800D45A51 /* AppDelegate.swift */ = {isa = PBXFileReference; lastKnownFileType = sourcecode.swift; path = AppDelegate.swift; sourceTree = "<group>"; };
		89FBF0C41B38580800D45A51 /* ViewController.swift */ = {isa = PBXFileReference; lastKnownFileType = sourcecode.swift; path = ViewController.swift; sourceTree = "<group>"; };
		89FBF0C71B38580800D45A51 /* Base */ = {isa = PBXFileReference; lastKnownFileType = file.storyboard; name = Base; path = Base.lproj/Main.storyboard; sourceTree = "<group>"; };
		89FBF0C91B38580800D45A51 /* Images.xcassets */ = {isa = PBXFileReference; lastKnownFileType = folder.assetcatalog; path = Images.xcassets; sourceTree = "<group>"; };
		89FBF0CC1B38580800D45A51 /* Base */ = {isa = PBXFileReference; lastKnownFileType = file.xib; name = Base; path = Base.lproj/LaunchScreen.xib; sourceTree = "<group>"; };
		89FBF0D21B38580800D45A51 /* SeasonizerTests.xctest */ = {isa = PBXFileReference; explicitFileType = wrapper.cfbundle; includeInIndex = 0; path = SeasonizerTests.xctest; sourceTree = BUILT_PRODUCTS_DIR; };
		89FBF0D71B38580800D45A51 /* Info.plist */ = {isa = PBXFileReference; lastKnownFileType = text.plist.xml; path = Info.plist; sourceTree = "<group>"; };
		89FBF0D81B38580800D45A51 /* SeasonizerTests.swift */ = {isa = PBXFileReference; lastKnownFileType = sourcecode.swift; path = SeasonizerTests.swift; sourceTree = "<group>"; };
		89FBF0E21B38583E00D45A51 /* CanvasViewController.swift */ = {isa = PBXFileReference; fileEncoding = 4; lastKnownFileType = sourcecode.swift; path = CanvasViewController.swift; sourceTree = "<group>"; };
/* End PBXFileReference section */

/* Begin PBXFrameworksBuildPhase section */
		89FBF0BA1B38580800D45A51 /* Frameworks */ = {
			isa = PBXFrameworksBuildPhase;
			buildActionMask = 2147483647;
			files = (
			);
			runOnlyForDeploymentPostprocessing = 0;
		};
		89FBF0CF1B38580800D45A51 /* Frameworks */ = {
			isa = PBXFrameworksBuildPhase;
			buildActionMask = 2147483647;
			files = (
			);
			runOnlyForDeploymentPostprocessing = 0;
		};
/* End PBXFrameworksBuildPhase section */

/* Begin PBXGroup section */
		89FBF0B41B38580800D45A51 = {
			isa = PBXGroup;
			children = (
				89FBF0BF1B38580800D45A51 /* Seasonizer */,
				89FBF0D51B38580800D45A51 /* SeasonizerTests */,
				89FBF0BE1B38580800D45A51 /* Products */,
			);
			sourceTree = "<group>";
		};
		89FBF0BE1B38580800D45A51 /* Products */ = {
			isa = PBXGroup;
			children = (
				89FBF0BD1B38580800D45A51 /* Seasonizer.app */,
				89FBF0D21B38580800D45A51 /* SeasonizerTests.xctest */,
			);
			name = Products;
			sourceTree = "<group>";
		};
		89FBF0BF1B38580800D45A51 /* Seasonizer */ = {
			isa = PBXGroup;
			children = (
				89FBF0C21B38580800D45A51 /* AppDelegate.swift */,
				89FBF0C41B38580800D45A51 /* ViewController.swift */,
				89FBF0E21B38583E00D45A51 /* CanvasViewController.swift */,
				89FBF0C61B38580800D45A51 /* Main.storyboard */,
				89FBF0C91B38580800D45A51 /* Images.xcassets */,
				89FBF0CB1B38580800D45A51 /* LaunchScreen.xib */,
				89FBF0C01B38580800D45A51 /* Supporting Files */,
			);
			path = Seasonizer;
			sourceTree = "<group>";
		};
		89FBF0C01B38580800D45A51 /* Supporting Files */ = {
			isa = PBXGroup;
			children = (
				89FBF0C11B38580800D45A51 /* Info.plist */,
			);
			name = "Supporting Files";
			sourceTree = "<group>";
		};
		89FBF0D51B38580800D45A51 /* SeasonizerTests */ = {
			isa = PBXGroup;
			children = (
				89FBF0D81B38580800D45A51 /* SeasonizerTests.swift */,
				89FBF0D61B38580800D45A51 /* Supporting Files */,
			);
			path = SeasonizerTests;
			sourceTree = "<group>";
		};
		89FBF0D61B38580800D45A51 /* Supporting Files */ = {
			isa = PBXGroup;
			children = (
				89FBF0D71B38580800D45A51 /* Info.plist */,
			);
			name = "Supporting Files";
			sourceTree = "<group>";
		};
/* End PBXGroup section */

/* Begin PBXNativeTarget section */
		89FBF0BC1B38580800D45A51 /* Seasonizer */ = {
			isa = PBXNativeTarget;
			buildConfigurationList = 89FBF0DC1B38580800D45A51 /* Build configuration list for PBXNativeTarget "Seasonizer" */;
			buildPhases = (
				89FBF0B91B38580800D45A51 /* Sources */,
				89FBF0BA1B38580800D45A51 /* Frameworks */,
				89FBF0BB1B38580800D45A51 /* Resources */,
			);
			buildRules = (
			);
			dependencies = (
			);
			name = Seasonizer;
			productName = Seasonizer;
			productReference = 89FBF0BD1B38580800D45A51 /* Seasonizer.app */;
			productType = "com.apple.product-type.application";
		};
		89FBF0D11B38580800D45A51 /* SeasonizerTests */ = {
			isa = PBXNativeTarget;
			buildConfigurationList = 89FBF0DF1B38580800D45A51 /* Build configuration list for PBXNativeTarget "SeasonizerTests" */;
			buildPhases = (
				89FBF0CE1B38580800D45A51 /* Sources */,
				89FBF0CF1B38580800D45A51 /* Frameworks */,
				89FBF0D01B38580800D45A51 /* Resources */,
			);
			buildRules = (
			);
			dependencies = (
				89FBF0D41B38580800D45A51 /* PBXTargetDependency */,
			);
			name = SeasonizerTests;
			productName = SeasonizerTests;
			productReference = 89FBF0D21B38580800D45A51 /* SeasonizerTests.xctest */;
			productType = "com.apple.product-type.bundle.unit-test";
		};
/* End PBXNativeTarget section */

/* Begin PBXProject section */
		89FBF0B51B38580800D45A51 /* Project object */ = {
			isa = PBXProject;
			attributes = {
				LastUpgradeCheck = 0620;
				ORGANIZATIONNAME = "Naumann, Klaus";
				TargetAttributes = {
					89FBF0BC1B38580800D45A51 = {
						CreatedOnToolsVersion = 6.2;
					};
					89FBF0D11B38580800D45A51 = {
						CreatedOnToolsVersion = 6.2;
						TestTargetID = 89FBF0BC1B38580800D45A51;
					};
				};
			};
			buildConfigurationList = 89FBF0B81B38580800D45A51 /* Build configuration list for PBXProject "Seasonizer" */;
			compatibilityVersion = "Xcode 3.2";
			developmentRegion = English;
			hasScannedForEncodings = 0;
			knownRegions = (
				en,
				Base,
			);
			mainGroup = 89FBF0B41B38580800D45A51;
			productRefGroup = 89FBF0BE1B38580800D45A51 /* Products */;
			projectDirPath = "";
			projectRoot = "";
			targets = (
				89FBF0BC1B38580800D45A51 /* Seasonizer */,
				89FBF0D11B38580800D45A51 /* SeasonizerTests */,
			);
		};
/* End PBXProject section */

/* Begin PBXResourcesBuildPhase section */
		89FBF0BB1B38580800D45A51 /* Resources */ = {
			isa = PBXResourcesBuildPhase;
			buildActionMask = 2147483647;
			files = (
				89FBF0C81B38580800D45A51 /* Main.storyboard in Resources */,
				89FBF0CD1B38580800D45A51 /* LaunchScreen.xib in Resources */,
				89FBF0CA1B38580800D45A51 /* Images.xcassets in Resources */,
			);
			runOnlyForDeploymentPostprocessing = 0;
		};
		89FBF0D01B38580800D45A51 /* Resources */ = {
			isa = PBXResourcesBuildPhase;
			buildActionMask = 2147483647;
			files = (
			);
			runOnlyForDeploymentPostprocessing = 0;
		};
/* End PBXResourcesBuildPhase section */

/* Begin PBXSourcesBuildPhase section */
		89FBF0B91B38580800D45A51 /* Sources */ = {
			isa = PBXSourcesBuildPhase;
			buildActionMask = 2147483647;
			files = (
				89FBF0C51B38580800D45A51 /* ViewController.swift in Sources */,
				89FBF0E31B38583E00D45A51 /* CanvasViewController.swift in Sources */,
				89FBF0C31B38580800D45A51 /* AppDelegate.swift in Sources */,
			);
			runOnlyForDeploymentPostprocessing = 0;
		};
		89FBF0CE1B38580800D45A51 /* Sources */ = {
			isa = PBXSourcesBuildPhase;
			buildActionMask = 2147483647;
			files = (
				89FBF0D91B38580800D45A51 /* SeasonizerTests.swift in Sources */,
			);
			runOnlyForDeploymentPostprocessing = 0;
		};
/* End PBXSourcesBuildPhase section */

/* Begin PBXTargetDependency section */
		89FBF0D41B38580800D45A51 /* PBXTargetDependency */ = {
			isa = PBXTargetDependency;
			target = 89FBF0BC1B38580800D45A51 /* Seasonizer */;
			targetProxy = 89FBF0D31B38580800D45A51 /* PBXContainerItemProxy */;
		};
/* End PBXTargetDependency section */

/* Begin PBXVariantGroup section */
		89FBF0C61B38580800D45A51 /* Main.storyboard */ = {
			isa = PBXVariantGroup;
			children = (
				89FBF0C71B38580800D45A51 /* Base */,
			);
			name = Main.storyboard;
			sourceTree = "<group>";
		};
		89FBF0CB1B38580800D45A51 /* LaunchScreen.xib */ = {
			isa = PBXVariantGroup;
			children = (
				89FBF0CC1B38580800D45A51 /* Base */,
			);
			name = LaunchScreen.xib;
			sourceTree = "<group>";
		};
/* End PBXVariantGroup section */

/* Begin XCBuildConfiguration section */
		89FBF0DA1B38580800D45A51 /* Debug */ = {
			isa = XCBuildConfiguration;
			buildSettings = {
				ALWAYS_SEARCH_USER_PATHS = NO;
				CLANG_CXX_LANGUAGE_STANDARD = "gnu++0x";
				CLANG_CXX_LIBRARY = "libc++";
				CLANG_ENABLE_MODULES = YES;
				CLANG_ENABLE_OBJC_ARC = YES;
				CLANG_WARN_BOOL_CONVERSION = YES;
				CLANG_WARN_CONSTANT_CONVERSION = YES;
				CLANG_WARN_DIRECT_OBJC_ISA_USAGE = YES_ERROR;
				CLANG_WARN_EMPTY_BODY = YES;
				CLANG_WARN_ENUM_CONVERSION = YES;
				CLANG_WARN_INT_CONVERSION = YES;
				CLANG_WARN_OBJC_ROOT_CLASS = YES_ERROR;
				CLANG_WARN_UNREACHABLE_CODE = YES;
				CLANG_WARN__DUPLICATE_METHOD_MATCH = YES;
				"CODE_SIGN_IDENTITY[sdk=iphoneos*]" = "iPhone Developer";
				COPY_PHASE_STRIP = NO;
				ENABLE_STRICT_OBJC_MSGSEND = YES;
				GCC_C_LANGUAGE_STANDARD = gnu99;
				GCC_DYNAMIC_NO_PIC = NO;
				GCC_OPTIMIZATION_LEVEL = 0;
				GCC_PREPROCESSOR_DEFINITIONS = (
					"DEBUG=1",
					"$(inherited)",
				);
				GCC_SYMBOLS_PRIVATE_EXTERN = NO;
				GCC_WARN_64_TO_32_BIT_CONVERSION = YES;
				GCC_WARN_ABOUT_RETURN_TYPE = YES_ERROR;
				GCC_WARN_UNDECLARED_SELECTOR = YES;
				GCC_WARN_UNINITIALIZED_AUTOS = YES_AGGRESSIVE;
				GCC_WARN_UNUSED_FUNCTION = YES;
				GCC_WARN_UNUSED_VARIABLE = YES;
				IPHONEOS_DEPLOYMENT_TARGET = 8.2;
				MTL_ENABLE_DEBUG_INFO = YES;
				ONLY_ACTIVE_ARCH = YES;
				SDKROOT = iphoneos;
				SWIFT_OPTIMIZATION_LEVEL = "-Onone";
				TARGETED_DEVICE_FAMILY = "1,2";
			};
			name = Debug;
		};
		89FBF0DB1B38580800D45A51 /* Release */ = {
			isa = XCBuildConfiguration;
			buildSettings = {
				ALWAYS_SEARCH_USER_PATHS = NO;
				CLANG_CXX_LANGUAGE_STANDARD = "gnu++0x";
				CLANG_CXX_LIBRARY = "libc++";
				CLANG_ENABLE_MODULES = YES;
				CLANG_ENABLE_OBJC_ARC = YES;
				CLANG_WARN_BOOL_CONVERSION = YES;
				CLANG_WARN_CONSTANT_CONVERSION = YES;
				CLANG_WARN_DIRECT_OBJC_ISA_USAGE = YES_ERROR;
				CLANG_WARN_EMPTY_BODY = YES;
				CLANG_WARN_ENUM_CONVERSION = YES;
				CLANG_WARN_INT_CONVERSION = YES;
				CLANG_WARN_OBJC_ROOT_CLASS = YES_ERROR;
				CLANG_WARN_UNREACHABLE_CODE = YES;
				CLANG_WARN__DUPLICATE_METHOD_MATCH = YES;
				"CODE_SIGN_IDENTITY[sdk=iphoneos*]" = "iPhone Developer";
				COPY_PHASE_STRIP = NO;
				ENABLE_NS_ASSERTIONS = NO;
				ENABLE_STRICT_OBJC_MSGSEND = YES;
				GCC_C_LANGUAGE_STANDARD = gnu99;
				GCC_WARN_64_TO_32_BIT_CONVERSION = YES;
				GCC_WARN_ABOUT_RETURN_TYPE = YES_ERROR;
				GCC_WARN_UNDECLARED_SELECTOR = YES;
				GCC_WARN_UNINITIALIZED_AUTOS = YES_AGGRESSIVE;
				GCC_WARN_UNUSED_FUNCTION = YES;
				GCC_WARN_UNUSED_VARIABLE = YES;
				IPHONEOS_DEPLOYMENT_TARGET = 8.2;
				MTL_ENABLE_DEBUG_INFO = NO;
				SDKROOT = iphoneos;
				TARGETED_DEVICE_FAMILY = "1,2";
				VALIDATE_PRODUCT = YES;
			};
			name = Release;
		};
		89FBF0DD1B38580800D45A51 /* Debug */ = {
			isa = XCBuildConfiguration;
			buildSettings = {
				ASSETCATALOG_COMPILER_APPICON_NAME = AppIcon;
				INFOPLIST_FILE = Seasonizer/Info.plist;
				LD_RUNPATH_SEARCH_PATHS = "$(inherited) @executable_path/Frameworks";
				PRODUCT_NAME = "$(TARGET_NAME)";
			};
			name = Debug;
		};
		89FBF0DE1B38580800D45A51 /* Release */ = {
			isa = XCBuildConfiguration;
			buildSettings = {
				ASSETCATALOG_COMPILER_APPICON_NAME = AppIcon;
				INFOPLIST_FILE = Seasonizer/Info.plist;
				LD_RUNPATH_SEARCH_PATHS = "$(inherited) @executable_path/Frameworks";
				PRODUCT_NAME = "$(TARGET_NAME)";
			};
			name = Release;
		};
		89FBF0E01B38580800D45A51 /* Debug */ = {
			isa = XCBuildConfiguration;
			buildSettings = {
				BUNDLE_LOADER = "$(TEST_HOST)";
				FRAMEWORK_SEARCH_PATHS = (
					"$(SDKROOT)/Developer/Library/Frameworks",
					"$(inherited)",
				);
				GCC_PREPROCESSOR_DEFINITIONS = (
					"DEBUG=1",
					"$(inherited)",
				);
				INFOPLIST_FILE = SeasonizerTests/Info.plist;
				LD_RUNPATH_SEARCH_PATHS = "$(inherited) @executable_path/Frameworks @loader_path/Frameworks";
				PRODUCT_NAME = "$(TARGET_NAME)";
				TEST_HOST = "$(BUILT_PRODUCTS_DIR)/Seasonizer.app/Seasonizer";
			};
			name = Debug;
		};
		89FBF0E11B38580800D45A51 /* Release */ = {
			isa = XCBuildConfiguration;
			buildSettings = {
				BUNDLE_LOADER = "$(TEST_HOST)";
				FRAMEWORK_SEARCH_PATHS = (
					"$(SDKROOT)/Developer/Library/Frameworks",
					"$(inherited)",
				);
				INFOPLIST_FILE = SeasonizerTests/Info.plist;
				LD_RUNPATH_SEARCH_PATHS = "$(inherited) @executable_path/Frameworks @loader_path/Frameworks";
				PRODUCT_NAME = "$(TARGET_NAME)";
				TEST_HOST = "$(BUILT_PRODUCTS_DIR)/Seasonizer.app/Seasonizer";
			};
			name = Release;
		};
/* End XCBuildConfiguration section */

/* Begin XCConfigurationList section */
		89FBF0B81B38580800D45A51 /* Build configuration list for PBXProject "Seasonizer" */ = {
			isa = XCConfigurationList;
			buildConfigurations = (
				89FBF0DA1B38580800D45A51 /* Debug */,
				89FBF0DB1B38580800D45A51 /* Release */,
			);
			defaultConfigurationIsVisible = 0;
			defaultConfigurationName = Release;
		};
		89FBF0DC1B38580800D45A51 /* Build configuration list for PBXNativeTarget "Seasonizer" */ = {
			isa = XCConfigurationList;
			buildConfigurations = (
				89FBF0DD1B38580800D45A51 /* Debug */,
				89FBF0DE1B38580800D45A51 /* Release */,
			);
			defaultConfigurationIsVisible = 0;
		};
		89FBF0DF1B38580800D45A51 /* Build configuration list for PBXNativeTarget "SeasonizerTests" */ = {
			isa = XCConfigurationList;
			buildConfigurations = (
				89FBF0E01B38580800D45A51 /* Debug */,
				89FBF0E11B38580800D45A51 /* Release */,
			);
			defaultConfigurationIsVisible = 0;
		};
/* End XCConfigurationList section */
	};
	rootObject = 89FBF0B51B38580800D45A51 /* Project object */;
}
